
Microsoft Visual Studio Solution File, Format Version 12.00
# Visual Studio Version 16
VisualStudioVersion = 16.0.31205.134
MinimumVisualStudioVersion = 10.0.40219.1
Project("{FAE04EC0-301F-11D3-BF4B-00C04F79EFBC}") = "Exercise1", "Exercise1\Exercise1.csproj", "{F39B979A-5EE0-4B9F-B146-0E4ED549E3D8}"
EndProject
Project("{FAE04EC0-301F-11D3-BF4B-00C04F79EFBC}") = "Exercise2", "Exercise2\Exercise2.csproj", "{D3AADBC4-B665-4AA9-BA98-1766D9844B31}"
EndProject
Project("{FAE04EC0-301F-11D3-BF4B-00C04F79EFBC}") = "Exercise3", "Exercise3\Exercise3.csproj", "{9D29F967-CFFC-44AA-B9CC-6D689E26E9D9}"
EndProject
Project("{FAE04EC0-301F-11D3-BF4B-00C04F79EFBC}") = "Exercise4", "Exercise4\Exercise4.csproj", "{602A8ACD-3B1E-4777-96F5-667777132CBD}"
EndProject
Project("{FAE04EC0-301F-11D3-BF4B-00C04F79EFBC}") = "Exercise5", "Exercise5\Exercise5.csproj", "{A419D919-A61C-4DFD-86D9-E519D43ACD04}"
EndProject
Global
	GlobalSection(SolutionConfigurationPlatforms) = preSolution
		Debug|Any CPU = Debug|Any CPU
		Release|Any CPU = Release|Any CPU
	EndGlobalSection
	GlobalSection(ProjectConfigurationPlatforms) = postSolution
		{F39B979A-5EE0-4B9F-B146-0E4ED549E3D8}.Debug|Any CPU.ActiveCfg = Debug|Any CPU
		{F39B979A-5EE0-4B9F-B146-0E4ED549E3D8}.Debug|Any CPU.Build.0 = Debug|Any CPU
		{F39B979A-5EE0-4B9F-B146-0E4ED549E3D8}.Release|Any CPU.ActiveCfg = Release|Any CPU
		{F39B979A-5EE0-4B9F-B146-0E4ED549E3D8}.Release|Any CPU.Build.0 = Release|Any CPU
		{D3AADBC4-B665-4AA9-BA98-1766D9844B31}.Debug|Any CPU.ActiveCfg = Debug|Any CPU
		{D3AADBC4-B665-4AA9-BA98-1766D9844B31}.Debug|Any CPU.Build.0 = Debug|Any CPU
		{D3AADBC4-B665-4AA9-BA98-1766D9844B31}.Release|Any CPU.ActiveCfg = Release|Any CPU
		{D3AADBC4-B665-4AA9-BA98-1766D9844B31}.Release|Any CPU.Build.0 = Release|Any CPU
		{9D29F967-CFFC-44AA-B9CC-6D689E26E9D9}.Debug|Any CPU.ActiveCfg = Debug|Any CPU
		{9D29F967-CFFC-44AA-B9CC-6D689E26E9D9}.Debug|Any CPU.Build.0 = Debug|Any CPU
		{9D29F967-CFFC-44AA-B9CC-6D689E26E9D9}.Release|Any CPU.ActiveCfg = Release|Any CPU
		{9D29F967-CFFC-44AA-B9CC-6D689E26E9D9}.Release|Any CPU.Build.0 = Release|Any CPU
		{602A8ACD-3B1E-4777-96F5-667777132CBD}.Debug|Any CPU.ActiveCfg = Debug|Any CPU
		{602A8ACD-3B1E-4777-96F5-667777132CBD}.Debug|Any CPU.Build.0 = Debug|Any CPU
		{602A8ACD-3B1E-4777-96F5-667777132CBD}.Release|Any CPU.ActiveCfg = Release|Any CPU
		{602A8ACD-3B1E-4777-96F5-667777132CBD}.Release|Any CPU.Build.0 = Release|Any CPU
		{A419D919-A61C-4DFD-86D9-E519D43ACD04}.Debug|Any CPU.ActiveCfg = Debug|Any CPU
		{A419D919-A61C-4DFD-86D9-E519D43ACD04}.Debug|Any CPU.Build.0 = Debug|Any CPU
		{A419D919-A61C-4DFD-86D9-E519D43ACD04}.Release|Any CPU.ActiveCfg = Release|Any CPU
		{A419D919-A61C-4DFD-86D9-E519D43ACD04}.Release|Any CPU.Build.0 = Release|Any CPU
	EndGlobalSection
	GlobalSection(SolutionProperties) = preSolution
		HideSolutionNode = FALSE
	EndGlobalSection
	GlobalSection(ExtensibilityGlobals) = postSolution
		SolutionGuid = {A8E45E62-119B-4C47-95C1-E6C96D9164A4}
	EndGlobalSection
EndGlobal
